// !$*UTF8*$!
{
	archiveVersion = 1;
	classes = {
	};
	objectVersion = 50;
	objects = {

/* Begin PBXBuildFile section */
		C125A141230A65F9001B2BE0 /* ProfileViewController.swift in Sources */ = {isa = PBXBuildFile; fileRef = C125A140230A65F9001B2BE0 /* ProfileViewController.swift */; };
		C125A146230A6CBA001B2BE0 /* SwiftMessage.swift in Sources */ = {isa = PBXBuildFile; fileRef = C125A145230A6CBA001B2BE0 /* SwiftMessage.swift */; };
		C125A148230A88AA001B2BE0 /* ContainedButton .swift in Sources */ = {isa = PBXBuildFile; fileRef = C125A147230A88AA001B2BE0 /* ContainedButton .swift */; };
		C125A14A230A8967001B2BE0 /* OutLinedButton.swift in Sources */ = {isa = PBXBuildFile; fileRef = C125A149230A8967001B2BE0 /* OutLinedButton.swift */; };
		C125A14C230A899D001B2BE0 /* TextButton.swift in Sources */ = {isa = PBXBuildFile; fileRef = C125A14B230A899D001B2BE0 /* TextButton.swift */; };
		C125A14E230A8AA8001B2BE0 /* UIView.swift in Sources */ = {isa = PBXBuildFile; fileRef = C125A14D230A8AA8001B2BE0 /* UIView.swift */; };
		C125A150230A8AFD001B2BE0 /* TextField.swift in Sources */ = {isa = PBXBuildFile; fileRef = C125A14F230A8AFD001B2BE0 /* TextField.swift */; };
		C125A154230A9663001B2BE0 /* DetailJob.storyboard in Resources */ = {isa = PBXBuildFile; fileRef = C125A153230A9663001B2BE0 /* DetailJob.storyboard */; };
		C125A156230A96A2001B2BE0 /* DetailTicketController.swift in Sources */ = {isa = PBXBuildFile; fileRef = C125A155230A96A2001B2BE0 /* DetailTicketController.swift */; };
		C125A158230A981E001B2BE0 /* DetailTransition.swift in Sources */ = {isa = PBXBuildFile; fileRef = C125A157230A981E001B2BE0 /* DetailTransition.swift */; };
		C125A15A230ABEAA001B2BE0 /* DetailInteractor.swift in Sources */ = {isa = PBXBuildFile; fileRef = C125A159230ABEAA001B2BE0 /* DetailInteractor.swift */; };
		C155B38E230ACB9300B10988 /* JobTableViewCell.swift in Sources */ = {isa = PBXBuildFile; fileRef = C155B38C230ACB9300B10988 /* JobTableViewCell.swift */; };
		C155B38F230ACB9300B10988 /* JobTableViewCell.xib in Resources */ = {isa = PBXBuildFile; fileRef = C155B38D230ACB9300B10988 /* JobTableViewCell.xib */; };
		C155B398230BBD4C00B10988 /* CellModel.swift in Sources */ = {isa = PBXBuildFile; fileRef = C155B397230BBD4C00B10988 /* CellModel.swift */; };
		C155B39A230BBD7000B10988 /* User.swift in Sources */ = {isa = PBXBuildFile; fileRef = C155B399230BBD7000B10988 /* User.swift */; };
		C155B3A0230D59D400B10988 /* ShopLoginViewController.swift in Sources */ = {isa = PBXBuildFile; fileRef = C155B39F230D59D400B10988 /* ShopLoginViewController.swift */; };
		C155B3A3230D5A1F00B10988 /* Login.storyboard in Resources */ = {isa = PBXBuildFile; fileRef = C155B3A2230D5A1F00B10988 /* Login.storyboard */; };
		C155B3A7230D660400B10988 /* PostViewController.swift in Sources */ = {isa = PBXBuildFile; fileRef = C155B3A6230D660400B10988 /* PostViewController.swift */; };
		C155B3A9230D663300B10988 /* Post.storyboard in Resources */ = {isa = PBXBuildFile; fileRef = C155B3A8230D663300B10988 /* Post.storyboard */; };
		C155B3AB230D892C00B10988 /* Firestore + Populate.swift in Sources */ = {isa = PBXBuildFile; fileRef = C155B3AA230D892C00B10988 /* Firestore + Populate.swift */; };
		C155B3AD230DB97600B10988 /* Shop.swift in Sources */ = {isa = PBXBuildFile; fileRef = C155B3AC230DB97600B10988 /* Shop.swift */; };
		C155B3AF230DB9CC00B10988 /* Ticket.swift in Sources */ = {isa = PBXBuildFile; fileRef = C155B3AE230DB9CC00B10988 /* Ticket.swift */; };
		C155B3B1230E511A00B10988 /* GoogleService-Info.plist in Resources */ = {isa = PBXBuildFile; fileRef = C155B3B0230E511A00B10988 /* GoogleService-Info.plist */; };
		C155B3B5230E76B200B10988 /* UserLogin.storyboard in Resources */ = {isa = PBXBuildFile; fileRef = C155B3B4230E76B200B10988 /* UserLogin.storyboard */; };
		C155B3B7230E974900B10988 /* UserLoginViewController.swift in Sources */ = {isa = PBXBuildFile; fileRef = C155B3B6230E974900B10988 /* UserLoginViewController.swift */; };
		C169DA71230692E9001EBE1E /* AppDelegate.swift in Sources */ = {isa = PBXBuildFile; fileRef = C169DA70230692E9001EBE1E /* AppDelegate.swift */; };
		C169DA76230692E9001EBE1E /* Home.storyboard in Resources */ = {isa = PBXBuildFile; fileRef = C169DA74230692E9001EBE1E /* Home.storyboard */; };
		C169DA78230692EA001EBE1E /* Assets.xcassets in Resources */ = {isa = PBXBuildFile; fileRef = C169DA77230692EA001EBE1E /* Assets.xcassets */; };
		C169DA7B230692EA001EBE1E /* LaunchScreen.storyboard in Resources */ = {isa = PBXBuildFile; fileRef = C169DA79230692EA001EBE1E /* LaunchScreen.storyboard */; };
		C1FF485C2309211A002B2CBD /* HomeViewController.swift in Sources */ = {isa = PBXBuildFile; fileRef = C1FF485B2309211A002B2CBD /* HomeViewController.swift */; };
		C1FF4861230A5E90002B2CBD /* Profile.storyboard in Resources */ = {isa = PBXBuildFile; fileRef = C1FF4860230A5E90002B2CBD /* Profile.storyboard */; };
		FA15AD3E930F23F1AC378714 /* Pods_TaimeeLike.framework in Frameworks */ = {isa = PBXBuildFile; fileRef = AE1DAE001234CFBB75E3C891 /* Pods_TaimeeLike.framework */; };
/* End PBXBuildFile section */

/* Begin PBXFileReference section */
		74D43237527C466C8DF2B090 /* Pods-TaimeeLike.release.xcconfig */ = {isa = PBXFileReference; includeInIndex = 1; lastKnownFileType = text.xcconfig; name = "Pods-TaimeeLike.release.xcconfig"; path = "Pods/Target Support Files/Pods-TaimeeLike/Pods-TaimeeLike.release.xcconfig"; sourceTree = "<group>"; };
		AE1DAE001234CFBB75E3C891 /* Pods_TaimeeLike.framework */ = {isa = PBXFileReference; explicitFileType = wrapper.framework; includeInIndex = 0; path = Pods_TaimeeLike.framework; sourceTree = BUILT_PRODUCTS_DIR; };
		C125A140230A65F9001B2BE0 /* ProfileViewController.swift */ = {isa = PBXFileReference; lastKnownFileType = sourcecode.swift; path = ProfileViewController.swift; sourceTree = "<group>"; };
		C125A145230A6CBA001B2BE0 /* SwiftMessage.swift */ = {isa = PBXFileReference; lastKnownFileType = sourcecode.swift; path = SwiftMessage.swift; sourceTree = "<group>"; };
		C125A147230A88AA001B2BE0 /* ContainedButton .swift */ = {isa = PBXFileReference; lastKnownFileType = sourcecode.swift; path = "ContainedButton .swift"; sourceTree = "<group>"; };
		C125A149230A8967001B2BE0 /* OutLinedButton.swift */ = {isa = PBXFileReference; lastKnownFileType = sourcecode.swift; path = OutLinedButton.swift; sourceTree = "<group>"; };
		C125A14B230A899D001B2BE0 /* TextButton.swift */ = {isa = PBXFileReference; lastKnownFileType = sourcecode.swift; path = TextButton.swift; sourceTree = "<group>"; };
		C125A14D230A8AA8001B2BE0 /* UIView.swift */ = {isa = PBXFileReference; lastKnownFileType = sourcecode.swift; path = UIView.swift; sourceTree = "<group>"; };
		C125A14F230A8AFD001B2BE0 /* TextField.swift */ = {isa = PBXFileReference; lastKnownFileType = sourcecode.swift; path = TextField.swift; sourceTree = "<group>"; };
		C125A153230A9663001B2BE0 /* DetailJob.storyboard */ = {isa = PBXFileReference; lastKnownFileType = file.storyboard; path = DetailJob.storyboard; sourceTree = "<group>"; };
		C125A155230A96A2001B2BE0 /* DetailTicketController.swift */ = {isa = PBXFileReference; lastKnownFileType = sourcecode.swift; path = DetailTicketController.swift; sourceTree = "<group>"; };
		C125A157230A981E001B2BE0 /* DetailTransition.swift */ = {isa = PBXFileReference; lastKnownFileType = sourcecode.swift; path = DetailTransition.swift; sourceTree = "<group>"; };
		C125A159230ABEAA001B2BE0 /* DetailInteractor.swift */ = {isa = PBXFileReference; lastKnownFileType = sourcecode.swift; path = DetailInteractor.swift; sourceTree = "<group>"; };
		C155B38C230ACB9300B10988 /* JobTableViewCell.swift */ = {isa = PBXFileReference; lastKnownFileType = sourcecode.swift; path = JobTableViewCell.swift; sourceTree = "<group>"; };
		C155B38D230ACB9300B10988 /* JobTableViewCell.xib */ = {isa = PBXFileReference; lastKnownFileType = file.xib; path = JobTableViewCell.xib; sourceTree = "<group>"; };
		C155B397230BBD4C00B10988 /* CellModel.swift */ = {isa = PBXFileReference; lastKnownFileType = sourcecode.swift; path = CellModel.swift; sourceTree = "<group>"; };
		C155B399230BBD7000B10988 /* User.swift */ = {isa = PBXFileReference; lastKnownFileType = sourcecode.swift; path = User.swift; sourceTree = "<group>"; };
		C155B39F230D59D400B10988 /* ShopLoginViewController.swift */ = {isa = PBXFileReference; lastKnownFileType = sourcecode.swift; path = ShopLoginViewController.swift; sourceTree = "<group>"; };
		C155B3A2230D5A1F00B10988 /* Login.storyboard */ = {isa = PBXFileReference; lastKnownFileType = file.storyboard; path = Login.storyboard; sourceTree = "<group>"; };
		C155B3A6230D660400B10988 /* PostViewController.swift */ = {isa = PBXFileReference; lastKnownFileType = sourcecode.swift; path = PostViewController.swift; sourceTree = "<group>"; };
		C155B3A8230D663300B10988 /* Post.storyboard */ = {isa = PBXFileReference; lastKnownFileType = file.storyboard; path = Post.storyboard; sourceTree = "<group>"; };
		C155B3AA230D892C00B10988 /* Firestore + Populate.swift */ = {isa = PBXFileReference; lastKnownFileType = sourcecode.swift; path = "Firestore + Populate.swift"; sourceTree = "<group>"; };
		C155B3AC230DB97600B10988 /* Shop.swift */ = {isa = PBXFileReference; lastKnownFileType = sourcecode.swift; path = Shop.swift; sourceTree = "<group>"; };
		C155B3AE230DB9CC00B10988 /* Ticket.swift */ = {isa = PBXFileReference; lastKnownFileType = sourcecode.swift; path = Ticket.swift; sourceTree = "<group>"; };
		C155B3B0230E511A00B10988 /* GoogleService-Info.plist */ = {isa = PBXFileReference; fileEncoding = 4; lastKnownFileType = text.plist.xml; path = "GoogleService-Info.plist"; sourceTree = SOURCE_ROOT; };
		C155B3B4230E76B200B10988 /* UserLogin.storyboard */ = {isa = PBXFileReference; lastKnownFileType = file.storyboard; path = UserLogin.storyboard; sourceTree = "<group>"; };
		C155B3B6230E974900B10988 /* UserLoginViewController.swift */ = {isa = PBXFileReference; lastKnownFileType = sourcecode.swift; path = UserLoginViewController.swift; sourceTree = "<group>"; };
		C169DA6D230692E9001EBE1E /* TaimeeLike.app */ = {isa = PBXFileReference; explicitFileType = wrapper.application; includeInIndex = 0; path = TaimeeLike.app; sourceTree = BUILT_PRODUCTS_DIR; };
		C169DA70230692E9001EBE1E /* AppDelegate.swift */ = {isa = PBXFileReference; lastKnownFileType = sourcecode.swift; path = AppDelegate.swift; sourceTree = "<group>"; };
		C169DA75230692E9001EBE1E /* Base */ = {isa = PBXFileReference; lastKnownFileType = file.storyboard; name = Base; path = Base.lproj/Home.storyboard; sourceTree = "<group>"; };
		C169DA77230692EA001EBE1E /* Assets.xcassets */ = {isa = PBXFileReference; lastKnownFileType = folder.assetcatalog; path = Assets.xcassets; sourceTree = "<group>"; };
		C169DA7A230692EA001EBE1E /* Base */ = {isa = PBXFileReference; lastKnownFileType = file.storyboard; name = Base; path = Base.lproj/LaunchScreen.storyboard; sourceTree = "<group>"; };
		C169DA7C230692EA001EBE1E /* Info.plist */ = {isa = PBXFileReference; lastKnownFileType = text.plist.xml; path = Info.plist; sourceTree = "<group>"; };
		C1FF485B2309211A002B2CBD /* HomeViewController.swift */ = {isa = PBXFileReference; lastKnownFileType = sourcecode.swift; path = HomeViewController.swift; sourceTree = "<group>"; };
		C1FF4860230A5E90002B2CBD /* Profile.storyboard */ = {isa = PBXFileReference; lastKnownFileType = file.storyboard; path = Profile.storyboard; sourceTree = "<group>"; };
		C5D10CE7A3560529B0B44AF4 /* Pods-TaimeeLike.debug.xcconfig */ = {isa = PBXFileReference; includeInIndex = 1; lastKnownFileType = text.xcconfig; name = "Pods-TaimeeLike.debug.xcconfig"; path = "Pods/Target Support Files/Pods-TaimeeLike/Pods-TaimeeLike.debug.xcconfig"; sourceTree = "<group>"; };
/* End PBXFileReference section */

/* Begin PBXFrameworksBuildPhase section */
		C169DA6A230692E9001EBE1E /* Frameworks */ = {
			isa = PBXFrameworksBuildPhase;
			buildActionMask = 2147483647;
			files = (
				FA15AD3E930F23F1AC378714 /* Pods_TaimeeLike.framework in Frameworks */,
			);
			runOnlyForDeploymentPostprocessing = 0;
		};
/* End PBXFrameworksBuildPhase section */

/* Begin PBXGroup section */
		5D11351DD734BEF8A7294F3F /* Frameworks */ = {
			isa = PBXGroup;
			children = (
				AE1DAE001234CFBB75E3C891 /* Pods_TaimeeLike.framework */,
			);
			name = Frameworks;
			sourceTree = "<group>";
		};
		C125A142230A699A001B2BE0 /* Extensions */ = {
			isa = PBXGroup;
			children = (
				C125A145230A6CBA001B2BE0 /* SwiftMessage.swift */,
				C125A147230A88AA001B2BE0 /* ContainedButton .swift */,
				C125A149230A8967001B2BE0 /* OutLinedButton.swift */,
				C125A14B230A899D001B2BE0 /* TextButton.swift */,
				C125A14D230A8AA8001B2BE0 /* UIView.swift */,
				C125A14F230A8AFD001B2BE0 /* TextField.swift */,
			);
			path = Extensions;
			sourceTree = "<group>";
		};
		C125A152230A9215001B2BE0 /* Module */ = {
			isa = PBXGroup;
			children = (
				C125A157230A981E001B2BE0 /* DetailTransition.swift */,
				C125A159230ABEAA001B2BE0 /* DetailInteractor.swift */,
				C155B3AA230D892C00B10988 /* Firestore + Populate.swift */,
			);
			path = Module;
			sourceTree = "<group>";
		};
		C155B390230AD79200B10988 /* DetailTicket */ = {
			isa = PBXGroup;
			children = (
				C125A153230A9663001B2BE0 /* DetailJob.storyboard */,
				C125A155230A96A2001B2BE0 /* DetailTicketController.swift */,
			);
			path = DetailTicket;
			sourceTree = "<group>";
		};
		C155B391230ADDC000B10988 /* Model */ = {
			isa = PBXGroup;
			children = (
				C155B399230BBD7000B10988 /* User.swift */,
				C155B3AC230DB97600B10988 /* Shop.swift */,
				C155B3AE230DB9CC00B10988 /* Ticket.swift */,
			);
			path = Model;
			sourceTree = "<group>";
		};
		C155B396230BBD2900B10988 /* ViewModels */ = {
			isa = PBXGroup;
			children = (
				C155B397230BBD4C00B10988 /* CellModel.swift */,
			);
			path = ViewModels;
			sourceTree = "<group>";
		};
		C155B3A1230D59D900B10988 /* Login */ = {
			isa = PBXGroup;
			children = (
				C155B39F230D59D400B10988 /* ShopLoginViewController.swift */,
				C155B3A2230D5A1F00B10988 /* Login.storyboard */,
			);
			path = Login;
			sourceTree = "<group>";
		};
		C155B3A4230D5FF400B10988 /* Shop */ = {
			isa = PBXGroup;
			children = (
				C155B3A5230D600600B10988 /* Post */,
				C155B3A1230D59D900B10988 /* Login */,
			);
			path = Shop;
			sourceTree = "<group>";
		};
		C155B3A5230D600600B10988 /* Post */ = {
			isa = PBXGroup;
			children = (
				C155B3A6230D660400B10988 /* PostViewController.swift */,
				C155B3A8230D663300B10988 /* Post.storyboard */,
			);
			path = Post;
			sourceTree = "<group>";
		};
		C155B3B2230E764600B10988 /* User */ = {
			isa = PBXGroup;
			children = (
				C155B3B3230E768A00B10988 /* Login */,
				C1FF485A230920B8002B2CBD /* Profile */,
				C155B390230AD79200B10988 /* DetailTicket */,
				C1FF4859230920A9002B2CBD /* Home */,
			);
			path = User;
			sourceTree = "<group>";
		};
		C155B3B3230E768A00B10988 /* Login */ = {
			isa = PBXGroup;
			children = (
				C155B3B4230E76B200B10988 /* UserLogin.storyboard */,
				C155B3B6230E974900B10988 /* UserLoginViewController.swift */,
			);
			path = Login;
			sourceTree = "<group>";
		};
		C169DA64230692E9001EBE1E = {
			isa = PBXGroup;
			children = (
				C169DA6F230692E9001EBE1E /* TaimeeLike */,
				C169DA6E230692E9001EBE1E /* Products */,
				E03491BF8C38DA804A5BECC9 /* Pods */,
				5D11351DD734BEF8A7294F3F /* Frameworks */,
			);
			sourceTree = "<group>";
		};
		C169DA6E230692E9001EBE1E /* Products */ = {
			isa = PBXGroup;
			children = (
				C169DA6D230692E9001EBE1E /* TaimeeLike.app */,
			);
			name = Products;
			sourceTree = "<group>";
		};
		C169DA6F230692E9001EBE1E /* TaimeeLike */ = {
			isa = PBXGroup;
			children = (
				C155B3B0230E511A00B10988 /* GoogleService-Info.plist */,
				C155B3B2230E764600B10988 /* User */,
				C155B3A4230D5FF400B10988 /* Shop */,
				C155B391230ADDC000B10988 /* Model */,
				C125A152230A9215001B2BE0 /* Module */,
				C125A142230A699A001B2BE0 /* Extensions */,
				C155B396230BBD2900B10988 /* ViewModels */,
				C169DA70230692E9001EBE1E /* AppDelegate.swift */,
				C169DA77230692EA001EBE1E /* Assets.xcassets */,
				C169DA79230692EA001EBE1E /* LaunchScreen.storyboard */,
				C169DA7C230692EA001EBE1E /* Info.plist */,
			);
			path = TaimeeLike;
			sourceTree = "<group>";
		};
		C1FF4859230920A9002B2CBD /* Home */ = {
			isa = PBXGroup;
			children = (
				C169DA74230692E9001EBE1E /* Home.storyboard */,
				C1FF485B2309211A002B2CBD /* HomeViewController.swift */,
				C155B38D230ACB9300B10988 /* JobTableViewCell.xib */,
				C155B38C230ACB9300B10988 /* JobTableViewCell.swift */,
			);
			path = Home;
			sourceTree = "<group>";
		};
		C1FF485A230920B8002B2CBD /* Profile */ = {
			isa = PBXGroup;
			children = (
				C1FF4860230A5E90002B2CBD /* Profile.storyboard */,
				C125A140230A65F9001B2BE0 /* ProfileViewController.swift */,
			);
			path = Profile;
			sourceTree = "<group>";
		};
		E03491BF8C38DA804A5BECC9 /* Pods */ = {
			isa = PBXGroup;
			children = (
				C5D10CE7A3560529B0B44AF4 /* Pods-TaimeeLike.debug.xcconfig */,
				74D43237527C466C8DF2B090 /* Pods-TaimeeLike.release.xcconfig */,
			);
			name = Pods;
			sourceTree = "<group>";
		};
/* End PBXGroup section */

/* Begin PBXNativeTarget section */
		C169DA6C230692E9001EBE1E /* TaimeeLike */ = {
			isa = PBXNativeTarget;
			buildConfigurationList = C169DA7F230692EA001EBE1E /* Build configuration list for PBXNativeTarget "TaimeeLike" */;
			buildPhases = (
				BB8139BCAEBA8E9EA354C661 /* [CP] Check Pods Manifest.lock */,
				C169DA69230692E9001EBE1E /* Sources */,
				C169DA6A230692E9001EBE1E /* Frameworks */,
				C169DA6B230692E9001EBE1E /* Resources */,
				6161F211D75DFECD0E8FBB5D /* [CP] Embed Pods Frameworks */,
				6637E9A6C42A24223222AE89 /* [CP] Copy Pods Resources */,
			);
			buildRules = (
			);
			dependencies = (
			);
			name = TaimeeLike;
			productName = TaimeeLike;
			productReference = C169DA6D230692E9001EBE1E /* TaimeeLike.app */;
			productType = "com.apple.product-type.application";
		};
/* End PBXNativeTarget section */

/* Begin PBXProject section */
		C169DA65230692E9001EBE1E /* Project object */ = {
			isa = PBXProject;
			attributes = {
				LastSwiftUpdateCheck = 1030;
				LastUpgradeCheck = 1030;
				ORGANIZATIONNAME = "Masahiro Toyooka";
				TargetAttributes = {
					C169DA6C230692E9001EBE1E = {
						CreatedOnToolsVersion = 10.3;
					};
				};
			};
			buildConfigurationList = C169DA68230692E9001EBE1E /* Build configuration list for PBXProject "TaimeeLike" */;
			compatibilityVersion = "Xcode 9.3";
			developmentRegion = en;
			hasScannedForEncodings = 0;
			knownRegions = (
				en,
				Base,
			);
			mainGroup = C169DA64230692E9001EBE1E;
			productRefGroup = C169DA6E230692E9001EBE1E /* Products */;
			projectDirPath = "";
			projectRoot = "";
			targets = (
				C169DA6C230692E9001EBE1E /* TaimeeLike */,
			);
		};
/* End PBXProject section */

/* Begin PBXResourcesBuildPhase section */
		C169DA6B230692E9001EBE1E /* Resources */ = {
			isa = PBXResourcesBuildPhase;
			buildActionMask = 2147483647;
			files = (
				C155B3B1230E511A00B10988 /* GoogleService-Info.plist in Resources */,
				C155B3B5230E76B200B10988 /* UserLogin.storyboard in Resources */,
				C155B3A3230D5A1F00B10988 /* Login.storyboard in Resources */,
				C169DA7B230692EA001EBE1E /* LaunchScreen.storyboard in Resources */,
				C169DA78230692EA001EBE1E /* Assets.xcassets in Resources */,
				C1FF4861230A5E90002B2CBD /* Profile.storyboard in Resources */,
				C155B3A9230D663300B10988 /* Post.storyboard in Resources */,
				C169DA76230692E9001EBE1E /* Home.storyboard in Resources */,
				C125A154230A9663001B2BE0 /* DetailJob.storyboard in Resources */,
				C155B38F230ACB9300B10988 /* JobTableViewCell.xib in Resources */,
			);
			runOnlyForDeploymentPostprocessing = 0;
		};
/* End PBXResourcesBuildPhase section */

/* Begin PBXShellScriptBuildPhase section */
		6161F211D75DFECD0E8FBB5D /* [CP] Embed Pods Frameworks */ = {
			isa = PBXShellScriptBuildPhase;
			buildActionMask = 2147483647;
			files = (
			);
			inputPaths = (
				"${SRCROOT}/Pods/Target Support Files/Pods-TaimeeLike/Pods-TaimeeLike-frameworks.sh",
				"${BUILT_PRODUCTS_DIR}/BoringSSL-GRPC/openssl_grpc.framework",
				"${BUILT_PRODUCTS_DIR}/FSCalendar/FSCalendar.framework",
				"${BUILT_PRODUCTS_DIR}/GTMSessionFetcher/GTMSessionFetcher.framework",
				"${BUILT_PRODUCTS_DIR}/GoogleToolboxForMac/GoogleToolboxForMac.framework",
				"${BUILT_PRODUCTS_DIR}/GoogleUtilities/GoogleUtilities.framework",
				"${BUILT_PRODUCTS_DIR}/Protobuf/Protobuf.framework",
				"${BUILT_PRODUCTS_DIR}/SDWebImage/SDWebImage.framework",
				"${BUILT_PRODUCTS_DIR}/SwiftMessages/SwiftMessages.framework",
				"${BUILT_PRODUCTS_DIR}/gRPC-C++/grpcpp.framework",
				"${BUILT_PRODUCTS_DIR}/gRPC-Core/grpc.framework",
				"${BUILT_PRODUCTS_DIR}/leveldb-library/leveldb.framework",
				"${BUILT_PRODUCTS_DIR}/nanopb/nanopb.framework",
			);
			name = "[CP] Embed Pods Frameworks";
			outputPaths = (
				"${TARGET_BUILD_DIR}/${FRAMEWORKS_FOLDER_PATH}/openssl_grpc.framework",
				"${TARGET_BUILD_DIR}/${FRAMEWORKS_FOLDER_PATH}/FSCalendar.framework",
				"${TARGET_BUILD_DIR}/${FRAMEWORKS_FOLDER_PATH}/GTMSessionFetcher.framework",
				"${TARGET_BUILD_DIR}/${FRAMEWORKS_FOLDER_PATH}/GoogleToolboxForMac.framework",
				"${TARGET_BUILD_DIR}/${FRAMEWORKS_FOLDER_PATH}/GoogleUtilities.framework",
				"${TARGET_BUILD_DIR}/${FRAMEWORKS_FOLDER_PATH}/Protobuf.framework",
				"${TARGET_BUILD_DIR}/${FRAMEWORKS_FOLDER_PATH}/SDWebImage.framework",
				"${TARGET_BUILD_DIR}/${FRAMEWORKS_FOLDER_PATH}/SwiftMessages.framework",
				"${TARGET_BUILD_DIR}/${FRAMEWORKS_FOLDER_PATH}/grpcpp.framework",
				"${TARGET_BUILD_DIR}/${FRAMEWORKS_FOLDER_PATH}/grpc.framework",
				"${TARGET_BUILD_DIR}/${FRAMEWORKS_FOLDER_PATH}/leveldb.framework",
				"${TARGET_BUILD_DIR}/${FRAMEWORKS_FOLDER_PATH}/nanopb.framework",
			);
			runOnlyForDeploymentPostprocessing = 0;
			shellPath = /bin/sh;
			shellScript = "\"${SRCROOT}/Pods/Target Support Files/Pods-TaimeeLike/Pods-TaimeeLike-frameworks.sh\"\n";
			showEnvVarsInLog = 0;
		};
		6637E9A6C42A24223222AE89 /* [CP] Copy Pods Resources */ = {
			isa = PBXShellScriptBuildPhase;
			buildActionMask = 2147483647;
			files = (
			);
			inputPaths = (
				"${SRCROOT}/Pods/Target Support Files/Pods-TaimeeLike/Pods-TaimeeLike-resources.sh",
				"${PODS_CONFIGURATION_BUILD_DIR}/FirebaseUI/FirebaseAuthUI.bundle",
				"${PODS_CONFIGURATION_BUILD_DIR}/FirebaseUI/FirebaseEmailAuthUI.bundle",
				"${PODS_CONFIGURATION_BUILD_DIR}/FirebaseUI/FirebaseGoogleAuthUI.bundle",
				"${PODS_ROOT}/GoogleSignIn/Resources/GoogleSignIn.bundle",
			);
			name = "[CP] Copy Pods Resources";
			outputPaths = (
				"${TARGET_BUILD_DIR}/${UNLOCALIZED_RESOURCES_FOLDER_PATH}/FirebaseAuthUI.bundle",
				"${TARGET_BUILD_DIR}/${UNLOCALIZED_RESOURCES_FOLDER_PATH}/FirebaseEmailAuthUI.bundle",
				"${TARGET_BUILD_DIR}/${UNLOCALIZED_RESOURCES_FOLDER_PATH}/FirebaseGoogleAuthUI.bundle",
				"${TARGET_BUILD_DIR}/${UNLOCALIZED_RESOURCES_FOLDER_PATH}/GoogleSignIn.bundle",
			);
			runOnlyForDeploymentPostprocessing = 0;
			shellPath = /bin/sh;
			shellScript = "\"${SRCROOT}/Pods/Target Support Files/Pods-TaimeeLike/Pods-TaimeeLike-resources.sh\"\n";
			showEnvVarsInLog = 0;
		};
		BB8139BCAEBA8E9EA354C661 /* [CP] Check Pods Manifest.lock */ = {
			isa = PBXShellScriptBuildPhase;
			buildActionMask = 2147483647;
			files = (
			);
			inputPaths = (
				"${PODS_PODFILE_DIR_PATH}/Podfile.lock",
				"${PODS_ROOT}/Manifest.lock",
			);
			name = "[CP] Check Pods Manifest.lock";
			outputPaths = (
				"$(DERIVED_FILE_DIR)/Pods-TaimeeLike-checkManifestLockResult.txt",
			);
			runOnlyForDeploymentPostprocessing = 0;
			shellPath = /bin/sh;
			shellScript = "diff \"${PODS_PODFILE_DIR_PATH}/Podfile.lock\" \"${PODS_ROOT}/Manifest.lock\" > /dev/null\nif [ $? != 0 ] ; then\n    # print error to STDERR\n    echo \"error: The sandbox is not in sync with the Podfile.lock. Run 'pod install' or update your CocoaPods installation.\" >&2\n    exit 1\nfi\n# This output is used by Xcode 'outputs' to avoid re-running this script phase.\necho \"SUCCESS\" > \"${SCRIPT_OUTPUT_FILE_0}\"\n";
			showEnvVarsInLog = 0;
		};
/* End PBXShellScriptBuildPhase section */

/* Begin PBXSourcesBuildPhase section */
		C169DA69230692E9001EBE1E /* Sources */ = {
			isa = PBXSourcesBuildPhase;
			buildActionMask = 2147483647;
			files = (
				C155B3B7230E974900B10988 /* UserLoginViewController.swift in Sources */,
				C125A14E230A8AA8001B2BE0 /* UIView.swift in Sources */,
				C125A148230A88AA001B2BE0 /* ContainedButton .swift in Sources */,
				C125A146230A6CBA001B2BE0 /* SwiftMessage.swift in Sources */,
				C155B3A7230D660400B10988 /* PostViewController.swift in Sources */,
				C125A15A230ABEAA001B2BE0 /* DetailInteractor.swift in Sources */,
				C155B39A230BBD7000B10988 /* User.swift in Sources */,
				C125A141230A65F9001B2BE0 /* ProfileViewController.swift in Sources */,
				C155B3AF230DB9CC00B10988 /* Ticket.swift in Sources */,
				C125A156230A96A2001B2BE0 /* DetailTicketController.swift in Sources */,
				C125A14C230A899D001B2BE0 /* TextButton.swift in Sources */,
				C155B398230BBD4C00B10988 /* CellModel.swift in Sources */,
				C155B38E230ACB9300B10988 /* JobTableViewCell.swift in Sources */,
				C125A158230A981E001B2BE0 /* DetailTransition.swift in Sources */,
				C169DA71230692E9001EBE1E /* AppDelegate.swift in Sources */,
				C155B3A0230D59D400B10988 /* ShopLoginViewController.swift in Sources */,
				C155B3AD230DB97600B10988 /* Shop.swift in Sources */,
				C125A150230A8AFD001B2BE0 /* TextField.swift in Sources */,
				C155B3AB230D892C00B10988 /* Firestore + Populate.swift in Sources */,
				C1FF485C2309211A002B2CBD /* HomeViewController.swift in Sources */,
				C125A14A230A8967001B2BE0 /* OutLinedButton.swift in Sources */,
			);
			runOnlyForDeploymentPostprocessing = 0;
		};
/* End PBXSourcesBuildPhase section */

/* Begin PBXVariantGroup section */
		C169DA74230692E9001EBE1E /* Home.storyboard */ = {
			isa = PBXVariantGroup;
			children = (
				C169DA75230692E9001EBE1E /* Base */,
			);
			name = Home.storyboard;
			sourceTree = "<group>";
		};
		C169DA79230692EA001EBE1E /* LaunchScreen.storyboard */ = {
			isa = PBXVariantGroup;
			children = (
				C169DA7A230692EA001EBE1E /* Base */,
			);
			name = LaunchScreen.storyboard;
			sourceTree = "<group>";
		};
/* End PBXVariantGroup section */

/* Begin XCBuildConfiguration section */
		C169DA7D230692EA001EBE1E /* Debug */ = {
			isa = XCBuildConfiguration;
			buildSettings = {
				ALWAYS_SEARCH_USER_PATHS = NO;
				CLANG_ANALYZER_NONNULL = YES;
				CLANG_ANALYZER_NUMBER_OBJECT_CONVERSION = YES_AGGRESSIVE;
				CLANG_CXX_LANGUAGE_STANDARD = "gnu++14";
				CLANG_CXX_LIBRARY = "libc++";
				CLANG_ENABLE_MODULES = YES;
				CLANG_ENABLE_OBJC_ARC = YES;
				CLANG_ENABLE_OBJC_WEAK = YES;
				CLANG_WARN_BLOCK_CAPTURE_AUTORELEASING = YES;
				CLANG_WARN_BOOL_CONVERSION = YES;
				CLANG_WARN_COMMA = YES;
				CLANG_WARN_CONSTANT_CONVERSION = YES;
				CLANG_WARN_DEPRECATED_OBJC_IMPLEMENTATIONS = YES;
				CLANG_WARN_DIRECT_OBJC_ISA_USAGE = YES_ERROR;
				CLANG_WARN_DOCUMENTATION_COMMENTS = YES;
				CLANG_WARN_EMPTY_BODY = YES;
				CLANG_WARN_ENUM_CONVERSION = YES;
				CLANG_WARN_INFINITE_RECURSION = YES;
				CLANG_WARN_INT_CONVERSION = YES;
				CLANG_WARN_NON_LITERAL_NULL_CONVERSION = YES;
				CLANG_WARN_OBJC_IMPLICIT_RETAIN_SELF = YES;
				CLANG_WARN_OBJC_LITERAL_CONVERSION = YES;
				CLANG_WARN_OBJC_ROOT_CLASS = YES_ERROR;
				CLANG_WARN_RANGE_LOOP_ANALYSIS = YES;
				CLANG_WARN_STRICT_PROTOTYPES = YES;
				CLANG_WARN_SUSPICIOUS_MOVE = YES;
				CLANG_WARN_UNGUARDED_AVAILABILITY = YES_AGGRESSIVE;
				CLANG_WARN_UNREACHABLE_CODE = YES;
				CLANG_WARN__DUPLICATE_METHOD_MATCH = YES;
				CODE_SIGN_IDENTITY = "iPhone Developer";
				COPY_PHASE_STRIP = NO;
				DEBUG_INFORMATION_FORMAT = dwarf;
				ENABLE_STRICT_OBJC_MSGSEND = YES;
				ENABLE_TESTABILITY = YES;
				GCC_C_LANGUAGE_STANDARD = gnu11;
				GCC_DYNAMIC_NO_PIC = NO;
				GCC_NO_COMMON_BLOCKS = YES;
				GCC_OPTIMIZATION_LEVEL = 0;
				GCC_PREPROCESSOR_DEFINITIONS = (
					"DEBUG=1",
					"$(inherited)",
				);
				GCC_WARN_64_TO_32_BIT_CONVERSION = YES;
				GCC_WARN_ABOUT_RETURN_TYPE = YES_ERROR;
				GCC_WARN_UNDECLARED_SELECTOR = YES;
				GCC_WARN_UNINITIALIZED_AUTOS = YES_AGGRESSIVE;
				GCC_WARN_UNUSED_FUNCTION = YES;
				GCC_WARN_UNUSED_VARIABLE = YES;
				IPHONEOS_DEPLOYMENT_TARGET = 12.4;
				MTL_ENABLE_DEBUG_INFO = INCLUDE_SOURCE;
				MTL_FAST_MATH = YES;
				ONLY_ACTIVE_ARCH = YES;
				SDKROOT = iphoneos;
				SWIFT_ACTIVE_COMPILATION_CONDITIONS = DEBUG;
				SWIFT_OPTIMIZATION_LEVEL = "-Onone";
			};
			name = Debug;
		};
		C169DA7E230692EA001EBE1E /* Release */ = {
			isa = XCBuildConfiguration;
			buildSettings = {
				ALWAYS_SEARCH_USER_PATHS = NO;
				CLANG_ANALYZER_NONNULL = YES;
				CLANG_ANALYZER_NUMBER_OBJECT_CONVERSION = YES_AGGRESSIVE;
				CLANG_CXX_LANGUAGE_STANDARD = "gnu++14";
				CLANG_CXX_LIBRARY = "libc++";
				CLANG_ENABLE_MODULES = YES;
				CLANG_ENABLE_OBJC_ARC = YES;
				CLANG_ENABLE_OBJC_WEAK = YES;
				CLANG_WARN_BLOCK_CAPTURE_AUTORELEASING = YES;
				CLANG_WARN_BOOL_CONVERSION = YES;
				CLANG_WARN_COMMA = YES;
				CLANG_WARN_CONSTANT_CONVERSION = YES;
				CLANG_WARN_DEPRECATED_OBJC_IMPLEMENTATIONS = YES;
				CLANG_WARN_DIRECT_OBJC_ISA_USAGE = YES_ERROR;
				CLANG_WARN_DOCUMENTATION_COMMENTS = YES;
				CLANG_WARN_EMPTY_BODY = YES;
				CLANG_WARN_ENUM_CONVERSION = YES;
				CLANG_WARN_INFINITE_RECURSION = YES;
				CLANG_WARN_INT_CONVERSION = YES;
				CLANG_WARN_NON_LITERAL_NULL_CONVERSION = YES;
				CLANG_WARN_OBJC_IMPLICIT_RETAIN_SELF = YES;
				CLANG_WARN_OBJC_LITERAL_CONVERSION = YES;
				CLANG_WARN_OBJC_ROOT_CLASS = YES_ERROR;
				CLANG_WARN_RANGE_LOOP_ANALYSIS = YES;
				CLANG_WARN_STRICT_PROTOTYPES = YES;
				CLANG_WARN_SUSPICIOUS_MOVE = YES;
				CLANG_WARN_UNGUARDED_AVAILABILITY = YES_AGGRESSIVE;
				CLANG_WARN_UNREACHABLE_CODE = YES;
				CLANG_WARN__DUPLICATE_METHOD_MATCH = YES;
				CODE_SIGN_IDENTITY = "iPhone Developer";
				COPY_PHASE_STRIP = NO;
				DEBUG_INFORMATION_FORMAT = "dwarf-with-dsym";
				ENABLE_NS_ASSERTIONS = NO;
				ENABLE_STRICT_OBJC_MSGSEND = YES;
				GCC_C_LANGUAGE_STANDARD = gnu11;
				GCC_NO_COMMON_BLOCKS = YES;
				GCC_WARN_64_TO_32_BIT_CONVERSION = YES;
				GCC_WARN_ABOUT_RETURN_TYPE = YES_ERROR;
				GCC_WARN_UNDECLARED_SELECTOR = YES;
				GCC_WARN_UNINITIALIZED_AUTOS = YES_AGGRESSIVE;
				GCC_WARN_UNUSED_FUNCTION = YES;
				GCC_WARN_UNUSED_VARIABLE = YES;
				IPHONEOS_DEPLOYMENT_TARGET = 12.4;
				MTL_ENABLE_DEBUG_INFO = NO;
				MTL_FAST_MATH = YES;
				SDKROOT = iphoneos;
				SWIFT_COMPILATION_MODE = wholemodule;
				SWIFT_OPTIMIZATION_LEVEL = "-O";
				VALIDATE_PRODUCT = YES;
			};
			name = Release;
		};
		C169DA80230692EA001EBE1E /* Debug */ = {
			isa = XCBuildConfiguration;
			baseConfigurationReference = C5D10CE7A3560529B0B44AF4 /* Pods-TaimeeLike.debug.xcconfig */;
			buildSettings = {
				ASSETCATALOG_COMPILER_APPICON_NAME = AppIcon;
				CODE_SIGN_STYLE = Automatic;
				DEVELOPMENT_TEAM = 77P3HR8235;
				INFOPLIST_FILE = TaimeeLike/Info.plist;
				LD_RUNPATH_SEARCH_PATHS = (
					"$(inherited)",
					"@executable_path/Frameworks",
				);
				PRODUCT_BUNDLE_IDENTIFIER = com.litech.TaimeeLike;
				PRODUCT_NAME = "$(TARGET_NAME)";
				SWIFT_VERSION = 5.0;
				TARGETED_DEVICE_FAMILY = "1,2";
			};
			name = Debug;
		};
		C169DA81230692EA001EBE1E /* Release */ = {
			isa = XCBuildConfiguration;
			baseConfigurationReference = 74D43237527C466C8DF2B090 /* Pods-TaimeeLike.release.xcconfig */;
			buildSettings = {
				ASSETCATALOG_COMPILER_APPICON_NAME = AppIcon;
				CODE_SIGN_STYLE = Automatic;
				DEVELOPMENT_TEAM = 77P3HR8235;
				INFOPLIST_FILE = TaimeeLike/Info.plist;
				LD_RUNPATH_SEARCH_PATHS = (
					"$(inherited)",
					"@executable_path/Frameworks",
				);
				PRODUCT_BUNDLE_IDENTIFIER = com.litech.TaimeeLike;
				PRODUCT_NAME = "$(TARGET_NAME)";
				SWIFT_VERSION = 5.0;
				TARGETED_DEVICE_FAMILY = "1,2";
			};
			name = Release;
		};
/* End XCBuildConfiguration section */

/* Begin XCConfigurationList section */
		C169DA68230692E9001EBE1E /* Build configuration list for PBXProject "TaimeeLike" */ = {
			isa = XCConfigurationList;
			buildConfigurations = (
				C169DA7D230692EA001EBE1E /* Debug */,
				C169DA7E230692EA001EBE1E /* Release */,
			);
			defaultConfigurationIsVisible = 0;
			defaultConfigurationName = Release;
		};
		C169DA7F230692EA001EBE1E /* Build configuration list for PBXNativeTarget "TaimeeLike" */ = {
			isa = XCConfigurationList;
			buildConfigurations = (
				C169DA80230692EA001EBE1E /* Debug */,
				C169DA81230692EA001EBE1E /* Release */,
			);
			defaultConfigurationIsVisible = 0;
			defaultConfigurationName = Release;
		};
/* End XCConfigurationList section */
	};
	rootObject = C169DA65230692E9001EBE1E /* Project object */;
}
